
Microsoft Visual Studio Solution File, Format Version 12.00
# Visual Studio Version 16
VisualStudioVersion = 16.0.29123.88
MinimumVisualStudioVersion = 10.0.40219.1
Project("{FAE04EC0-301F-11D3-BF4B-00C04F79EFBC}") = "EncodeLuafile", "WindowsFormsApp2\EncodeLuafile.csproj", "{2D40EC41-2713-4FB8-A4E6-79B26EB42462}"
EndProject
Global
	GlobalSection(SolutionConfigurationPlatforms) = preSolution
		Debug|Any CPU = Debug|Any CPU
		Release|Any CPU = Release|Any CPU
	EndGlobalSection
	GlobalSection(ProjectConfigurationPlatforms) = postSolution
		{2D40EC41-2713-4FB8-A4E6-79B26EB42462}.Debug|Any CPU.ActiveCfg = Debug|Any CPU
		{2D40EC41-2713-4FB8-A4E6-79B26EB42462}.Debug|Any CPU.Build.0 = Debug|Any CPU
		{2D40EC41-2713-4FB8-A4E6-79B26EB42462}.Release|Any CPU.ActiveCfg = Release|Any CPU
		{2D40EC41-2713-4FB8-A4E6-79B26EB42462}.Release|Any CPU.Build.0 = Release|Any CPU
	EndGlobalSection
	GlobalSection(SolutionProperties) = preSolution
		HideSolutionNode = FALSE
	EndGlobalSection
	GlobalSection(ExtensibilityGlobals) = postSolution
		SolutionGuid = {581B2B07-CFE6-4ECD-8721-5C6DA927A6FF}
	EndGlobalSection
EndGlobal
